// !$*UTF8*$!
{
	archiveVersion = 1;
	classes = {
	};
	objectVersion = 51;
	objects = {

/* Begin PBXBuildFile section */
		2F9F4971F0413A2A10833E89 /* Pods_ProjetIOSTests.framework in Frameworks */ = {isa = PBXBuildFile; fileRef = 62CE833F4E58E647B3094F0C /* Pods_ProjetIOSTests.framework */; };
		67DE0CAB5A030499F93574BC /* Pods_ProjetIOS.framework in Frameworks */ = {isa = PBXBuildFile; fileRef = 64C501D658BF2106364859AC /* Pods_ProjetIOS.framework */; };
		B63DC7AB5573C3B3E4073562 /* Pods_ProjetIOS_ProjetIOSUITests.framework in Frameworks */ = {isa = PBXBuildFile; fileRef = 47CC0F373AE4F05A85D4C2F3 /* Pods_ProjetIOS_ProjetIOSUITests.framework */; };
		DD3FC09723AB7C5100A4027D /* AppDelegate.swift in Sources */ = {isa = PBXBuildFile; fileRef = DD3FC09623AB7C5000A4027D /* AppDelegate.swift */; };
		DD3FC09923AB7C5100A4027D /* SceneDelegate.swift in Sources */ = {isa = PBXBuildFile; fileRef = DD3FC09823AB7C5100A4027D /* SceneDelegate.swift */; };
		DD3FC09B23AB7C5100A4027D /* ViewController.swift in Sources */ = {isa = PBXBuildFile; fileRef = DD3FC09A23AB7C5100A4027D /* ViewController.swift */; };
		DD3FC09E23AB7C5100A4027D /* Main.storyboard in Resources */ = {isa = PBXBuildFile; fileRef = DD3FC09C23AB7C5100A4027D /* Main.storyboard */; };
		DD3FC0A023AB7C5200A4027D /* Assets.xcassets in Resources */ = {isa = PBXBuildFile; fileRef = DD3FC09F23AB7C5200A4027D /* Assets.xcassets */; };
		DD3FC0A323AB7C5200A4027D /* LaunchScreen.storyboard in Resources */ = {isa = PBXBuildFile; fileRef = DD3FC0A123AB7C5200A4027D /* LaunchScreen.storyboard */; };
		DD3FC0AE23AB7C5200A4027D /* ProjetIOSTests.swift in Sources */ = {isa = PBXBuildFile; fileRef = DD3FC0AD23AB7C5200A4027D /* ProjetIOSTests.swift */; };
		DD3FC0B923AB7C5200A4027D /* ProjetIOSUITests.swift in Sources */ = {isa = PBXBuildFile; fileRef = DD3FC0B823AB7C5200A4027D /* ProjetIOSUITests.swift */; };
		DD53804A23C8A3F000D20C98 /* BlockstackFunction.swift in Sources */ = {isa = PBXBuildFile; fileRef = DD53804923C8A3F000D20C98 /* BlockstackFunction.swift */; };
		DD53804C23C8B3E700D20C98 /* ViewController2.swift in Sources */ = {isa = PBXBuildFile; fileRef = DD53804B23C8B3E700D20C98 /* ViewController2.swift */; };
		DD53804E23C8B4E100D20C98 /* Contact.swift in Sources */ = {isa = PBXBuildFile; fileRef = DD53804D23C8B4E100D20C98 /* Contact.swift */; };
		DD53805023C8B4EF00D20C98 /* Conversation.swift in Sources */ = {isa = PBXBuildFile; fileRef = DD53804F23C8B4EF00D20C98 /* Conversation.swift */; };
/* End PBXBuildFile section */

/* Begin PBXContainerItemProxy section */
		DD3FC0AA23AB7C5200A4027D /* PBXContainerItemProxy */ = {
			isa = PBXContainerItemProxy;
			containerPortal = DD3FC08B23AB7C5000A4027D /* Project object */;
			proxyType = 1;
			remoteGlobalIDString = DD3FC09223AB7C5000A4027D;
			remoteInfo = ProjetIOS;
		};
		DD3FC0B523AB7C5200A4027D /* PBXContainerItemProxy */ = {
			isa = PBXContainerItemProxy;
			containerPortal = DD3FC08B23AB7C5000A4027D /* Project object */;
			proxyType = 1;
			remoteGlobalIDString = DD3FC09223AB7C5000A4027D;
			remoteInfo = ProjetIOS;
		};
/* End PBXContainerItemProxy section */

/* Begin PBXFileReference section */
		0923B9BCA2CCA9954704EC49 /* Pods-ProjetIOS-ProjetIOSUITests.release.xcconfig */ = {isa = PBXFileReference; includeInIndex = 1; lastKnownFileType = text.xcconfig; name = "Pods-ProjetIOS-ProjetIOSUITests.release.xcconfig"; path = "Target Support Files/Pods-ProjetIOS-ProjetIOSUITests/Pods-ProjetIOS-ProjetIOSUITests.release.xcconfig"; sourceTree = "<group>"; };
		226AFF1281BDD695DD998912 /* Pods-ProjetIOSTests.debug.xcconfig */ = {isa = PBXFileReference; includeInIndex = 1; lastKnownFileType = text.xcconfig; name = "Pods-ProjetIOSTests.debug.xcconfig"; path = "Target Support Files/Pods-ProjetIOSTests/Pods-ProjetIOSTests.debug.xcconfig"; sourceTree = "<group>"; };
		2BA60C772B5FD6D1832D8849 /* Pods-ProjetIOS.debug.xcconfig */ = {isa = PBXFileReference; includeInIndex = 1; lastKnownFileType = text.xcconfig; name = "Pods-ProjetIOS.debug.xcconfig"; path = "Target Support Files/Pods-ProjetIOS/Pods-ProjetIOS.debug.xcconfig"; sourceTree = "<group>"; };
		47CC0F373AE4F05A85D4C2F3 /* Pods_ProjetIOS_ProjetIOSUITests.framework */ = {isa = PBXFileReference; explicitFileType = wrapper.framework; includeInIndex = 0; path = Pods_ProjetIOS_ProjetIOSUITests.framework; sourceTree = BUILT_PRODUCTS_DIR; };
		62CE833F4E58E647B3094F0C /* Pods_ProjetIOSTests.framework */ = {isa = PBXFileReference; explicitFileType = wrapper.framework; includeInIndex = 0; path = Pods_ProjetIOSTests.framework; sourceTree = BUILT_PRODUCTS_DIR; };
		64C501D658BF2106364859AC /* Pods_ProjetIOS.framework */ = {isa = PBXFileReference; explicitFileType = wrapper.framework; includeInIndex = 0; path = Pods_ProjetIOS.framework; sourceTree = BUILT_PRODUCTS_DIR; };
		D3EE294A286E5A82586CF2E9 /* Pods-ProjetIOS.release.xcconfig */ = {isa = PBXFileReference; includeInIndex = 1; lastKnownFileType = text.xcconfig; name = "Pods-ProjetIOS.release.xcconfig"; path = "Target Support Files/Pods-ProjetIOS/Pods-ProjetIOS.release.xcconfig"; sourceTree = "<group>"; };
		DD3FC09323AB7C5000A4027D /* ProjetIOS.app */ = {isa = PBXFileReference; explicitFileType = wrapper.application; includeInIndex = 0; path = ProjetIOS.app; sourceTree = BUILT_PRODUCTS_DIR; };
		DD3FC09623AB7C5000A4027D /* AppDelegate.swift */ = {isa = PBXFileReference; lastKnownFileType = sourcecode.swift; path = AppDelegate.swift; sourceTree = "<group>"; };
		DD3FC09823AB7C5100A4027D /* SceneDelegate.swift */ = {isa = PBXFileReference; lastKnownFileType = sourcecode.swift; path = SceneDelegate.swift; sourceTree = "<group>"; };
		DD3FC09A23AB7C5100A4027D /* ViewController.swift */ = {isa = PBXFileReference; lastKnownFileType = sourcecode.swift; path = ViewController.swift; sourceTree = "<group>"; };
		DD3FC09D23AB7C5100A4027D /* Base */ = {isa = PBXFileReference; lastKnownFileType = file.storyboard; name = Base; path = Base.lproj/Main.storyboard; sourceTree = "<group>"; };
		DD3FC09F23AB7C5200A4027D /* Assets.xcassets */ = {isa = PBXFileReference; lastKnownFileType = folder.assetcatalog; path = Assets.xcassets; sourceTree = "<group>"; };
		DD3FC0A223AB7C5200A4027D /* Base */ = {isa = PBXFileReference; lastKnownFileType = file.storyboard; name = Base; path = Base.lproj/LaunchScreen.storyboard; sourceTree = "<group>"; };
		DD3FC0A423AB7C5200A4027D /* Info.plist */ = {isa = PBXFileReference; lastKnownFileType = text.plist.xml; path = Info.plist; sourceTree = "<group>"; };
		DD3FC0A923AB7C5200A4027D /* ProjetIOSTests.xctest */ = {isa = PBXFileReference; explicitFileType = wrapper.cfbundle; includeInIndex = 0; path = ProjetIOSTests.xctest; sourceTree = BUILT_PRODUCTS_DIR; };
		DD3FC0AD23AB7C5200A4027D /* ProjetIOSTests.swift */ = {isa = PBXFileReference; lastKnownFileType = sourcecode.swift; path = ProjetIOSTests.swift; sourceTree = "<group>"; };
		DD3FC0AF23AB7C5200A4027D /* Info.plist */ = {isa = PBXFileReference; lastKnownFileType = text.plist.xml; path = Info.plist; sourceTree = "<group>"; };
		DD3FC0B423AB7C5200A4027D /* ProjetIOSUITests.xctest */ = {isa = PBXFileReference; explicitFileType = wrapper.cfbundle; includeInIndex = 0; path = ProjetIOSUITests.xctest; sourceTree = BUILT_PRODUCTS_DIR; };
		DD3FC0B823AB7C5200A4027D /* ProjetIOSUITests.swift */ = {isa = PBXFileReference; lastKnownFileType = sourcecode.swift; path = ProjetIOSUITests.swift; sourceTree = "<group>"; };
		DD3FC0BA23AB7C5200A4027D /* Info.plist */ = {isa = PBXFileReference; lastKnownFileType = text.plist.xml; path = Info.plist; sourceTree = "<group>"; };
		DD53804923C8A3F000D20C98 /* BlockstackFunction.swift */ = {isa = PBXFileReference; lastKnownFileType = sourcecode.swift; path = BlockstackFunction.swift; sourceTree = "<group>"; };
		DD53804B23C8B3E700D20C98 /* ViewController2.swift */ = {isa = PBXFileReference; lastKnownFileType = sourcecode.swift; path = ViewController2.swift; sourceTree = "<group>"; };
		DD53804D23C8B4E100D20C98 /* Contact.swift */ = {isa = PBXFileReference; lastKnownFileType = sourcecode.swift; path = Contact.swift; sourceTree = "<group>"; };
		DD53804F23C8B4EF00D20C98 /* Conversation.swift */ = {isa = PBXFileReference; lastKnownFileType = sourcecode.swift; path = Conversation.swift; sourceTree = "<group>"; };
		EED15D96320D72CE563F7623 /* Pods-ProjetIOS-ProjetIOSUITests.debug.xcconfig */ = {isa = PBXFileReference; includeInIndex = 1; lastKnownFileType = text.xcconfig; name = "Pods-ProjetIOS-ProjetIOSUITests.debug.xcconfig"; path = "Target Support Files/Pods-ProjetIOS-ProjetIOSUITests/Pods-ProjetIOS-ProjetIOSUITests.debug.xcconfig"; sourceTree = "<group>"; };
		FF027EDB2C8678406396B90E /* Pods-ProjetIOSTests.release.xcconfig */ = {isa = PBXFileReference; includeInIndex = 1; lastKnownFileType = text.xcconfig; name = "Pods-ProjetIOSTests.release.xcconfig"; path = "Target Support Files/Pods-ProjetIOSTests/Pods-ProjetIOSTests.release.xcconfig"; sourceTree = "<group>"; };
/* End PBXFileReference section */

/* Begin PBXFrameworksBuildPhase section */
		DD3FC09023AB7C5000A4027D /* Frameworks */ = {
			isa = PBXFrameworksBuildPhase;
			buildActionMask = 2147483647;
			files = (
				67DE0CAB5A030499F93574BC /* Pods_ProjetIOS.framework in Frameworks */,
			);
			runOnlyForDeploymentPostprocessing = 0;
		};
		DD3FC0A623AB7C5200A4027D /* Frameworks */ = {
			isa = PBXFrameworksBuildPhase;
			buildActionMask = 2147483647;
			files = (
				2F9F4971F0413A2A10833E89 /* Pods_ProjetIOSTests.framework in Frameworks */,
			);
			runOnlyForDeploymentPostprocessing = 0;
		};
		DD3FC0B123AB7C5200A4027D /* Frameworks */ = {
			isa = PBXFrameworksBuildPhase;
			buildActionMask = 2147483647;
			files = (
				B63DC7AB5573C3B3E4073562 /* Pods_ProjetIOS_ProjetIOSUITests.framework in Frameworks */,
			);
			runOnlyForDeploymentPostprocessing = 0;
		};
/* End PBXFrameworksBuildPhase section */

/* Begin PBXGroup section */
		88D3E035D3CD004F3C5EC161 /* Frameworks */ = {
			isa = PBXGroup;
			children = (
				64C501D658BF2106364859AC /* Pods_ProjetIOS.framework */,
				47CC0F373AE4F05A85D4C2F3 /* Pods_ProjetIOS_ProjetIOSUITests.framework */,
				62CE833F4E58E647B3094F0C /* Pods_ProjetIOSTests.framework */,
			);
			name = Frameworks;
			sourceTree = "<group>";
		};
		9B7EFF5E95CEE7C0EDD9440F /* Pods */ = {
			isa = PBXGroup;
			children = (
				2BA60C772B5FD6D1832D8849 /* Pods-ProjetIOS.debug.xcconfig */,
				D3EE294A286E5A82586CF2E9 /* Pods-ProjetIOS.release.xcconfig */,
				EED15D96320D72CE563F7623 /* Pods-ProjetIOS-ProjetIOSUITests.debug.xcconfig */,
				0923B9BCA2CCA9954704EC49 /* Pods-ProjetIOS-ProjetIOSUITests.release.xcconfig */,
				226AFF1281BDD695DD998912 /* Pods-ProjetIOSTests.debug.xcconfig */,
				FF027EDB2C8678406396B90E /* Pods-ProjetIOSTests.release.xcconfig */,
			);
			path = Pods;
			sourceTree = "<group>";
		};
		DD3FC08A23AB7C5000A4027D = {
			isa = PBXGroup;
			children = (
				DD3FC09523AB7C5000A4027D /* ProjetIOS */,
				DD3FC0AC23AB7C5200A4027D /* ProjetIOSTests */,
				DD3FC0B723AB7C5200A4027D /* ProjetIOSUITests */,
				DD3FC09423AB7C5000A4027D /* Products */,
				9B7EFF5E95CEE7C0EDD9440F /* Pods */,
				88D3E035D3CD004F3C5EC161 /* Frameworks */,
			);
			sourceTree = "<group>";
		};
		DD3FC09423AB7C5000A4027D /* Products */ = {
			isa = PBXGroup;
			children = (
				DD3FC09323AB7C5000A4027D /* ProjetIOS.app */,
				DD3FC0A923AB7C5200A4027D /* ProjetIOSTests.xctest */,
				DD3FC0B423AB7C5200A4027D /* ProjetIOSUITests.xctest */,
			);
			name = Products;
			sourceTree = "<group>";
		};
		DD3FC09523AB7C5000A4027D /* ProjetIOS */ = {
			isa = PBXGroup;
			children = (
				DD3FC09623AB7C5000A4027D /* AppDelegate.swift */,
				DD3FC09823AB7C5100A4027D /* SceneDelegate.swift */,
				DD3FC09A23AB7C5100A4027D /* ViewController.swift */,
				DD3FC09C23AB7C5100A4027D /* Main.storyboard */,
				DD53804D23C8B4E100D20C98 /* Contact.swift */,
				DD53804F23C8B4EF00D20C98 /* Conversation.swift */,
				DD53804B23C8B3E700D20C98 /* ViewController2.swift */,
				DD3FC09F23AB7C5200A4027D /* Assets.xcassets */,
				DD3FC0A123AB7C5200A4027D /* LaunchScreen.storyboard */,
				DD3FC0A423AB7C5200A4027D /* Info.plist */,
				DD53804923C8A3F000D20C98 /* BlockstackFunction.swift */,
			);
			path = ProjetIOS;
			sourceTree = "<group>";
		};
		DD3FC0AC23AB7C5200A4027D /* ProjetIOSTests */ = {
			isa = PBXGroup;
			children = (
				DD3FC0AD23AB7C5200A4027D /* ProjetIOSTests.swift */,
				DD3FC0AF23AB7C5200A4027D /* Info.plist */,
			);
			path = ProjetIOSTests;
			sourceTree = "<group>";
		};
		DD3FC0B723AB7C5200A4027D /* ProjetIOSUITests */ = {
			isa = PBXGroup;
			children = (
				DD3FC0B823AB7C5200A4027D /* ProjetIOSUITests.swift */,
				DD3FC0BA23AB7C5200A4027D /* Info.plist */,
			);
			path = ProjetIOSUITests;
			sourceTree = "<group>";
		};
/* End PBXGroup section */

/* Begin PBXNativeTarget section */
		DD3FC09223AB7C5000A4027D /* ProjetIOS */ = {
			isa = PBXNativeTarget;
			buildConfigurationList = DD3FC0BD23AB7C5200A4027D /* Build configuration list for PBXNativeTarget "ProjetIOS" */;
			buildPhases = (
				E659BD256D3597093711BC8B /* [CP] Check Pods Manifest.lock */,
				DD3FC08F23AB7C5000A4027D /* Sources */,
				DD3FC09023AB7C5000A4027D /* Frameworks */,
				DD3FC09123AB7C5000A4027D /* Resources */,
				5F96D4FD838A611F8DAFF18F /* [CP] Embed Pods Frameworks */,
			);
			buildRules = (
			);
			dependencies = (
			);
			name = ProjetIOS;
			productName = ProjetIOS;
			productReference = DD3FC09323AB7C5000A4027D /* ProjetIOS.app */;
			productType = "com.apple.product-type.application";
		};
		DD3FC0A823AB7C5200A4027D /* ProjetIOSTests */ = {
			isa = PBXNativeTarget;
			buildConfigurationList = DD3FC0C023AB7C5200A4027D /* Build configuration list for PBXNativeTarget "ProjetIOSTests" */;
			buildPhases = (
				18F2942E9B673A0C5AAAD0A0 /* [CP] Check Pods Manifest.lock */,
				DD3FC0A523AB7C5200A4027D /* Sources */,
				DD3FC0A623AB7C5200A4027D /* Frameworks */,
				DD3FC0A723AB7C5200A4027D /* Resources */,
			);
			buildRules = (
			);
			dependencies = (
				DD3FC0AB23AB7C5200A4027D /* PBXTargetDependency */,
			);
			name = ProjetIOSTests;
			productName = ProjetIOSTests;
			productReference = DD3FC0A923AB7C5200A4027D /* ProjetIOSTests.xctest */;
			productType = "com.apple.product-type.bundle.unit-test";
		};
		DD3FC0B323AB7C5200A4027D /* ProjetIOSUITests */ = {
			isa = PBXNativeTarget;
			buildConfigurationList = DD3FC0C323AB7C5200A4027D /* Build configuration list for PBXNativeTarget "ProjetIOSUITests" */;
			buildPhases = (
				F882A735447A8CFD1D79ECFD /* [CP] Check Pods Manifest.lock */,
				DD3FC0B023AB7C5200A4027D /* Sources */,
				DD3FC0B123AB7C5200A4027D /* Frameworks */,
				DD3FC0B223AB7C5200A4027D /* Resources */,
				4D7C64199708142263EDDDB1 /* [CP] Embed Pods Frameworks */,
			);
			buildRules = (
			);
			dependencies = (
				DD3FC0B623AB7C5200A4027D /* PBXTargetDependency */,
			);
			name = ProjetIOSUITests;
			productName = ProjetIOSUITests;
			productReference = DD3FC0B423AB7C5200A4027D /* ProjetIOSUITests.xctest */;
			productType = "com.apple.product-type.bundle.ui-testing";
		};
/* End PBXNativeTarget section */

/* Begin PBXProject section */
		DD3FC08B23AB7C5000A4027D /* Project object */ = {
			isa = PBXProject;
			attributes = {
				LastSwiftUpdateCheck = 1120;
				LastUpgradeCheck = 1120;
				ORGANIZATIONNAME = "Florian Fizaine";
				TargetAttributes = {
					DD3FC09223AB7C5000A4027D = {
						CreatedOnToolsVersion = 11.2.1;
					};
					DD3FC0A823AB7C5200A4027D = {
						CreatedOnToolsVersion = 11.2.1;
						TestTargetID = DD3FC09223AB7C5000A4027D;
					};
					DD3FC0B323AB7C5200A4027D = {
						CreatedOnToolsVersion = 11.2.1;
						TestTargetID = DD3FC09223AB7C5000A4027D;
					};
				};
			};
			buildConfigurationList = DD3FC08E23AB7C5000A4027D /* Build configuration list for PBXProject "ProjetIOS" */;
			compatibilityVersion = "Xcode 9.3";
			developmentRegion = en;
			hasScannedForEncodings = 0;
			knownRegions = (
				en,
				Base,
			);
			mainGroup = DD3FC08A23AB7C5000A4027D;
			productRefGroup = DD3FC09423AB7C5000A4027D /* Products */;
			projectDirPath = "";
			projectRoot = "";
			targets = (
				DD3FC09223AB7C5000A4027D /* ProjetIOS */,
				DD3FC0A823AB7C5200A4027D /* ProjetIOSTests */,
				DD3FC0B323AB7C5200A4027D /* ProjetIOSUITests */,
			);
		};
/* End PBXProject section */

/* Begin PBXResourcesBuildPhase section */
		DD3FC09123AB7C5000A4027D /* Resources */ = {
			isa = PBXResourcesBuildPhase;
			buildActionMask = 2147483647;
			files = (
				DD3FC0A323AB7C5200A4027D /* LaunchScreen.storyboard in Resources */,
				DD3FC0A023AB7C5200A4027D /* Assets.xcassets in Resources */,
				DD3FC09E23AB7C5100A4027D /* Main.storyboard in Resources */,
			);
			runOnlyForDeploymentPostprocessing = 0;
		};
		DD3FC0A723AB7C5200A4027D /* Resources */ = {
			isa = PBXResourcesBuildPhase;
			buildActionMask = 2147483647;
			files = (
			);
			runOnlyForDeploymentPostprocessing = 0;
		};
		DD3FC0B223AB7C5200A4027D /* Resources */ = {
			isa = PBXResourcesBuildPhase;
			buildActionMask = 2147483647;
			files = (
			);
			runOnlyForDeploymentPostprocessing = 0;
		};
/* End PBXResourcesBuildPhase section */

/* Begin PBXShellScriptBuildPhase section */
		18F2942E9B673A0C5AAAD0A0 /* [CP] Check Pods Manifest.lock */ = {
			isa = PBXShellScriptBuildPhase;
			buildActionMask = 2147483647;
			files = (
			);
			inputFileListPaths = (
			);
			inputPaths = (
				"${PODS_PODFILE_DIR_PATH}/Podfile.lock",
				"${PODS_ROOT}/Manifest.lock",
			);
			name = "[CP] Check Pods Manifest.lock";
			outputFileListPaths = (
			);
			outputPaths = (
				"$(DERIVED_FILE_DIR)/Pods-ProjetIOSTests-checkManifestLockResult.txt",
			);
			runOnlyForDeploymentPostprocessing = 0;
			shellPath = /bin/sh;
			shellScript = "diff \"${PODS_PODFILE_DIR_PATH}/Podfile.lock\" \"${PODS_ROOT}/Manifest.lock\" > /dev/null\nif [ $? != 0 ] ; then\n    # print error to STDERR\n    echo \"error: The sandbox is not in sync with the Podfile.lock. Run 'pod install' or update your CocoaPods installation.\" >&2\n    exit 1\nfi\n# This output is used by Xcode 'outputs' to avoid re-running this script phase.\necho \"SUCCESS\" > \"${SCRIPT_OUTPUT_FILE_0}\"\n";
			showEnvVarsInLog = 0;
		};
		4D7C64199708142263EDDDB1 /* [CP] Embed Pods Frameworks */ = {
			isa = PBXShellScriptBuildPhase;
			buildActionMask = 2147483647;
			files = (
			);
			inputFileListPaths = (
				"${PODS_ROOT}/Target Support Files/Pods-ProjetIOS-ProjetIOSUITests/Pods-ProjetIOS-ProjetIOSUITests-frameworks-${CONFIGURATION}-input-files.xcfilelist",
			);
			name = "[CP] Embed Pods Frameworks";
			outputFileListPaths = (
				"${PODS_ROOT}/Target Support Files/Pods-ProjetIOS-ProjetIOSUITests/Pods-ProjetIOS-ProjetIOSUITests-frameworks-${CONFIGURATION}-output-files.xcfilelist",
			);
			runOnlyForDeploymentPostprocessing = 0;
			shellPath = /bin/sh;
			shellScript = "\"${PODS_ROOT}/Target Support Files/Pods-ProjetIOS-ProjetIOSUITests/Pods-ProjetIOS-ProjetIOSUITests-frameworks.sh\"\n";
			showEnvVarsInLog = 0;
		};
		5F96D4FD838A611F8DAFF18F /* [CP] Embed Pods Frameworks */ = {
			isa = PBXShellScriptBuildPhase;
			buildActionMask = 2147483647;
			files = (
			);
			inputFileListPaths = (
				"${PODS_ROOT}/Target Support Files/Pods-ProjetIOS/Pods-ProjetIOS-frameworks-${CONFIGURATION}-input-files.xcfilelist",
			);
			name = "[CP] Embed Pods Frameworks";
			outputFileListPaths = (
				"${PODS_ROOT}/Target Support Files/Pods-ProjetIOS/Pods-ProjetIOS-frameworks-${CONFIGURATION}-output-files.xcfilelist",
			);
			runOnlyForDeploymentPostprocessing = 0;
			shellPath = /bin/sh;
			shellScript = "\"${PODS_ROOT}/Target Support Files/Pods-ProjetIOS/Pods-ProjetIOS-frameworks.sh\"\n";
			showEnvVarsInLog = 0;
		};
		E659BD256D3597093711BC8B /* [CP] Check Pods Manifest.lock */ = {
			isa = PBXShellScriptBuildPhase;
			buildActionMask = 2147483647;
			files = (
			);
			inputFileListPaths = (
			);
			inputPaths = (
				"${PODS_PODFILE_DIR_PATH}/Podfile.lock",
				"${PODS_ROOT}/Manifest.lock",
			);
			name = "[CP] Check Pods Manifest.lock";
			outputFileListPaths = (
			);
			outputPaths = (
				"$(DERIVED_FILE_DIR)/Pods-ProjetIOS-checkManifestLockResult.txt",
			);
			runOnlyForDeploymentPostprocessing = 0;
			shellPath = /bin/sh;
			shellScript = "diff \"${PODS_PODFILE_DIR_PATH}/Podfile.lock\" \"${PODS_ROOT}/Manifest.lock\" > /dev/null\nif [ $? != 0 ] ; then\n    # print error to STDERR\n    echo \"error: The sandbox is not in sync with the Podfile.lock. Run 'pod install' or update your CocoaPods installation.\" >&2\n    exit 1\nfi\n# This output is used by Xcode 'outputs' to avoid re-running this script phase.\necho \"SUCCESS\" > \"${SCRIPT_OUTPUT_FILE_0}\"\n";
			showEnvVarsInLog = 0;
		};
		F882A735447A8CFD1D79ECFD /* [CP] Check Pods Manifest.lock */ = {
			isa = PBXShellScriptBuildPhase;
			buildActionMask = 2147483647;
			files = (
			);
			inputFileListPaths = (
			);
			inputPaths = (
				"${PODS_PODFILE_DIR_PATH}/Podfile.lock",
				"${PODS_ROOT}/Manifest.lock",
			);
			name = "[CP] Check Pods Manifest.lock";
			outputFileListPaths = (
			);
			outputPaths = (
				"$(DERIVED_FILE_DIR)/Pods-ProjetIOS-ProjetIOSUITests-checkManifestLockResult.txt",
			);
			runOnlyForDeploymentPostprocessing = 0;
			shellPath = /bin/sh;
			shellScript = "diff \"${PODS_PODFILE_DIR_PATH}/Podfile.lock\" \"${PODS_ROOT}/Manifest.lock\" > /dev/null\nif [ $? != 0 ] ; then\n    # print error to STDERR\n    echo \"error: The sandbox is not in sync with the Podfile.lock. Run 'pod install' or update your CocoaPods installation.\" >&2\n    exit 1\nfi\n# This output is used by Xcode 'outputs' to avoid re-running this script phase.\necho \"SUCCESS\" > \"${SCRIPT_OUTPUT_FILE_0}\"\n";
			showEnvVarsInLog = 0;
		};
/* End PBXShellScriptBuildPhase section */

/* Begin PBXSourcesBuildPhase section */
		DD3FC08F23AB7C5000A4027D /* Sources */ = {
			isa = PBXSourcesBuildPhase;
			buildActionMask = 2147483647;
			files = (
				DD53804E23C8B4E100D20C98 /* Contact.swift in Sources */,
				DD53804C23C8B3E700D20C98 /* ViewController2.swift in Sources */,
				DD3FC09B23AB7C5100A4027D /* ViewController.swift in Sources */,
				DD3FC09723AB7C5100A4027D /* AppDelegate.swift in Sources */,
				DD53805023C8B4EF00D20C98 /* Conversation.swift in Sources */,
				DD53804A23C8A3F000D20C98 /* BlockstackFunction.swift in Sources */,
				DD3FC09923AB7C5100A4027D /* SceneDelegate.swift in Sources */,
			);
			runOnlyForDeploymentPostprocessing = 0;
		};
		DD3FC0A523AB7C5200A4027D /* Sources */ = {
			isa = PBXSourcesBuildPhase;
			buildActionMask = 2147483647;
			files = (
				DD3FC0AE23AB7C5200A4027D /* ProjetIOSTests.swift in Sources */,
			);
			runOnlyForDeploymentPostprocessing = 0;
		};
		DD3FC0B023AB7C5200A4027D /* Sources */ = {
			isa = PBXSourcesBuildPhase;
			buildActionMask = 2147483647;
			files = (
				DD3FC0B923AB7C5200A4027D /* ProjetIOSUITests.swift in Sources */,
			);
			runOnlyForDeploymentPostprocessing = 0;
		};
/* End PBXSourcesBuildPhase section */

/* Begin PBXTargetDependency section */
		DD3FC0AB23AB7C5200A4027D /* PBXTargetDependency */ = {
			isa = PBXTargetDependency;
			target = DD3FC09223AB7C5000A4027D /* ProjetIOS */;
			targetProxy = DD3FC0AA23AB7C5200A4027D /* PBXContainerItemProxy */;
		};
		DD3FC0B623AB7C5200A4027D /* PBXTargetDependency */ = {
			isa = PBXTargetDependency;
			target = DD3FC09223AB7C5000A4027D /* ProjetIOS */;
			targetProxy = DD3FC0B523AB7C5200A4027D /* PBXContainerItemProxy */;
		};
/* End PBXTargetDependency section */

/* Begin PBXVariantGroup section */
		DD3FC09C23AB7C5100A4027D /* Main.storyboard */ = {
			isa = PBXVariantGroup;
			children = (
				DD3FC09D23AB7C5100A4027D /* Base */,
			);
			name = Main.storyboard;
			sourceTree = "<group>";
		};
		DD3FC0A123AB7C5200A4027D /* LaunchScreen.storyboard */ = {
			isa = PBXVariantGroup;
			children = (
				DD3FC0A223AB7C5200A4027D /* Base */,
			);
			name = LaunchScreen.storyboard;
			sourceTree = "<group>";
		};
/* End PBXVariantGroup section */

/* Begin XCBuildConfiguration section */
		DD3FC0BB23AB7C5200A4027D /* Debug */ = {
			isa = XCBuildConfiguration;
			buildSettings = {
				ALWAYS_SEARCH_USER_PATHS = NO;
				CLANG_ANALYZER_NONNULL = YES;
				CLANG_ANALYZER_NUMBER_OBJECT_CONVERSION = YES_AGGRESSIVE;
				CLANG_CXX_LANGUAGE_STANDARD = "gnu++14";
				CLANG_CXX_LIBRARY = "libc++";
				CLANG_ENABLE_MODULES = YES;
				CLANG_ENABLE_OBJC_ARC = YES;
				CLANG_ENABLE_OBJC_WEAK = YES;
				CLANG_WARN_BLOCK_CAPTURE_AUTORELEASING = YES;
				CLANG_WARN_BOOL_CONVERSION = YES;
				CLANG_WARN_COMMA = YES;
				CLANG_WARN_CONSTANT_CONVERSION = YES;
				CLANG_WARN_DEPRECATED_OBJC_IMPLEMENTATIONS = YES;
				CLANG_WARN_DIRECT_OBJC_ISA_USAGE = YES_ERROR;
				CLANG_WARN_DOCUMENTATION_COMMENTS = YES;
				CLANG_WARN_EMPTY_BODY = YES;
				CLANG_WARN_ENUM_CONVERSION = YES;
				CLANG_WARN_INFINITE_RECURSION = YES;
				CLANG_WARN_INT_CONVERSION = YES;
				CLANG_WARN_NON_LITERAL_NULL_CONVERSION = YES;
				CLANG_WARN_OBJC_IMPLICIT_RETAIN_SELF = YES;
				CLANG_WARN_OBJC_LITERAL_CONVERSION = YES;
				CLANG_WARN_OBJC_ROOT_CLASS = YES_ERROR;
				CLANG_WARN_RANGE_LOOP_ANALYSIS = YES;
				CLANG_WARN_STRICT_PROTOTYPES = YES;
				CLANG_WARN_SUSPICIOUS_MOVE = YES;
				CLANG_WARN_UNGUARDED_AVAILABILITY = YES_AGGRESSIVE;
				CLANG_WARN_UNREACHABLE_CODE = YES;
				CLANG_WARN__DUPLICATE_METHOD_MATCH = YES;
				COPY_PHASE_STRIP = NO;
				DEBUG_INFORMATION_FORMAT = dwarf;
				ENABLE_STRICT_OBJC_MSGSEND = YES;
				ENABLE_TESTABILITY = YES;
				GCC_C_LANGUAGE_STANDARD = gnu11;
				GCC_DYNAMIC_NO_PIC = NO;
				GCC_NO_COMMON_BLOCKS = YES;
				GCC_OPTIMIZATION_LEVEL = 0;
				GCC_PREPROCESSOR_DEFINITIONS = (
					"DEBUG=1",
					"$(inherited)",
				);
				GCC_WARN_64_TO_32_BIT_CONVERSION = YES;
				GCC_WARN_ABOUT_RETURN_TYPE = YES_ERROR;
				GCC_WARN_UNDECLARED_SELECTOR = YES;
				GCC_WARN_UNINITIALIZED_AUTOS = YES_AGGRESSIVE;
				GCC_WARN_UNUSED_FUNCTION = YES;
				GCC_WARN_UNUSED_VARIABLE = YES;
				IPHONEOS_DEPLOYMENT_TARGET = 13.2;
				MTL_ENABLE_DEBUG_INFO = INCLUDE_SOURCE;
				MTL_FAST_MATH = YES;
				ONLY_ACTIVE_ARCH = YES;
				SDKROOT = iphoneos;
				SWIFT_ACTIVE_COMPILATION_CONDITIONS = DEBUG;
				SWIFT_OPTIMIZATION_LEVEL = "-Onone";
			};
			name = Debug;
		};
		DD3FC0BC23AB7C5200A4027D /* Release */ = {
			isa = XCBuildConfiguration;
			buildSettings = {
				ALWAYS_SEARCH_USER_PATHS = NO;
				CLANG_ANALYZER_NONNULL = YES;
				CLANG_ANALYZER_NUMBER_OBJECT_CONVERSION = YES_AGGRESSIVE;
				CLANG_CXX_LANGUAGE_STANDARD = "gnu++14";
				CLANG_CXX_LIBRARY = "libc++";
				CLANG_ENABLE_MODULES = YES;
				CLANG_ENABLE_OBJC_ARC = YES;
				CLANG_ENABLE_OBJC_WEAK = YES;
				CLANG_WARN_BLOCK_CAPTURE_AUTORELEASING = YES;
				CLANG_WARN_BOOL_CONVERSION = YES;
				CLANG_WARN_COMMA = YES;
				CLANG_WARN_CONSTANT_CONVERSION = YES;
				CLANG_WARN_DEPRECATED_OBJC_IMPLEMENTATIONS = YES;
				CLANG_WARN_DIRECT_OBJC_ISA_USAGE = YES_ERROR;
				CLANG_WARN_DOCUMENTATION_COMMENTS = YES;
				CLANG_WARN_EMPTY_BODY = YES;
				CLANG_WARN_ENUM_CONVERSION = YES;
				CLANG_WARN_INFINITE_RECURSION = YES;
				CLANG_WARN_INT_CONVERSION = YES;
				CLANG_WARN_NON_LITERAL_NULL_CONVERSION = YES;
				CLANG_WARN_OBJC_IMPLICIT_RETAIN_SELF = YES;
				CLANG_WARN_OBJC_LITERAL_CONVERSION = YES;
				CLANG_WARN_OBJC_ROOT_CLASS = YES_ERROR;
				CLANG_WARN_RANGE_LOOP_ANALYSIS = YES;
				CLANG_WARN_STRICT_PROTOTYPES = YES;
				CLANG_WARN_SUSPICIOUS_MOVE = YES;
				CLANG_WARN_UNGUARDED_AVAILABILITY = YES_AGGRESSIVE;
				CLANG_WARN_UNREACHABLE_CODE = YES;
				CLANG_WARN__DUPLICATE_METHOD_MATCH = YES;
				COPY_PHASE_STRIP = NO;
				DEBUG_INFORMATION_FORMAT = "dwarf-with-dsym";
				ENABLE_NS_ASSERTIONS = NO;
				ENABLE_STRICT_OBJC_MSGSEND = YES;
				GCC_C_LANGUAGE_STANDARD = gnu11;
				GCC_NO_COMMON_BLOCKS = YES;
				GCC_WARN_64_TO_32_BIT_CONVERSION = YES;
				GCC_WARN_ABOUT_RETURN_TYPE = YES_ERROR;
				GCC_WARN_UNDECLARED_SELECTOR = YES;
				GCC_WARN_UNINITIALIZED_AUTOS = YES_AGGRESSIVE;
				GCC_WARN_UNUSED_FUNCTION = YES;
				GCC_WARN_UNUSED_VARIABLE = YES;
				IPHONEOS_DEPLOYMENT_TARGET = 13.2;
				MTL_ENABLE_DEBUG_INFO = NO;
				MTL_FAST_MATH = YES;
				SDKROOT = iphoneos;
				SWIFT_COMPILATION_MODE = wholemodule;
				SWIFT_OPTIMIZATION_LEVEL = "-O";
				VALIDATE_PRODUCT = YES;
			};
			name = Release;
		};
		DD3FC0BE23AB7C5200A4027D /* Debug */ = {
			isa = XCBuildConfiguration;
			baseConfigurationReference = 2BA60C772B5FD6D1832D8849 /* Pods-ProjetIOS.debug.xcconfig */;
			buildSettings = {
				ASSETCATALOG_COMPILER_APPICON_NAME = AppIcon;
				CODE_SIGN_STYLE = Automatic;
				INFOPLIST_FILE = ProjetIOS/Info.plist;
				LD_RUNPATH_SEARCH_PATHS = (
					"$(inherited)",
					"@executable_path/Frameworks",
				);
				PRODUCT_BUNDLE_IDENTIFIER = com.flofiz.ProjetIOS;
				PRODUCT_NAME = "$(TARGET_NAME)";
				SWIFT_VERSION = 5.0;
				TARGETED_DEVICE_FAMILY = "1,2";
			};
			name = Debug;
		};
		DD3FC0BF23AB7C5200A4027D /* Release */ = {
			isa = XCBuildConfiguration;
			baseConfigurationReference = D3EE294A286E5A82586CF2E9 /* Pods-ProjetIOS.release.xcconfig */;
			buildSettings = {
				ASSETCATALOG_COMPILER_APPICON_NAME = AppIcon;
				CODE_SIGN_STYLE = Automatic;
				INFOPLIST_FILE = ProjetIOS/Info.plist;
				LD_RUNPATH_SEARCH_PATHS = (
					"$(inherited)",
					"@executable_path/Frameworks",
				);
				PRODUCT_BUNDLE_IDENTIFIER = com.flofiz.ProjetIOS;
				PRODUCT_NAME = "$(TARGET_NAME)";
				SWIFT_VERSION = 5.0;
				TARGETED_DEVICE_FAMILY = "1,2";
			};
			name = Release;
		};
		DD3FC0C123AB7C5200A4027D /* Debug */ = {
			isa = XCBuildConfiguration;
			baseConfigurationReference = 226AFF1281BDD695DD998912 /* Pods-ProjetIOSTests.debug.xcconfig */;
			buildSettings = {
				ALWAYS_EMBED_SWIFT_STANDARD_LIBRARIES = YES;
				BUNDLE_LOADER = "$(TEST_HOST)";
				CODE_SIGN_STYLE = Automatic;
				INFOPLIST_FILE = ProjetIOSTests/Info.plist;
				IPHONEOS_DEPLOYMENT_TARGET = 13.2;
				LD_RUNPATH_SEARCH_PATHS = (
					"$(inherited)",
					"@executable_path/Frameworks",
					"@loader_path/Frameworks",
				);
				PRODUCT_BUNDLE_IDENTIFIER = com.flofiz.ProjetIOSTests;
				PRODUCT_NAME = "$(TARGET_NAME)";
				SWIFT_VERSION = 5.0;
				TARGETED_DEVICE_FAMILY = "1,2";
				TEST_HOST = "$(BUILT_PRODUCTS_DIR)/ProjetIOS.app/ProjetIOS";
			};
			name = Debug;
		};
		DD3FC0C223AB7C5200A4027D /* Release */ = {
			isa = XCBuildConfiguration;
			baseConfigurationReference = FF027EDB2C8678406396B90E /* Pods-ProjetIOSTests.release.xcconfig */;
			buildSettings = {
				ALWAYS_EMBED_SWIFT_STANDARD_LIBRARIES = YES;
				BUNDLE_LOADER = "$(TEST_HOST)";
				CODE_SIGN_STYLE = Automatic;
				INFOPLIST_FILE = ProjetIOSTests/Info.plist;
				IPHONEOS_DEPLOYMENT_TARGET = 13.2;
				LD_RUNPATH_SEARCH_PATHS = (
					"$(inherited)",
					"@executable_path/Frameworks",
					"@loader_path/Frameworks",
				);
				PRODUCT_BUNDLE_IDENTIFIER = com.flofiz.ProjetIOSTests;
				PRODUCT_NAME = "$(TARGET_NAME)";
				SWIFT_VERSION = 5.0;
				TARGETED_DEVICE_FAMILY = "1,2";
				TEST_HOST = "$(BUILT_PRODUCTS_DIR)/ProjetIOS.app/ProjetIOS";
			};
			name = Release;
		};
		DD3FC0C423AB7C5200A4027D /* Debug */ = {
			isa = XCBuildConfiguration;
			baseConfigurationReference = EED15D96320D72CE563F7623 /* Pods-ProjetIOS-ProjetIOSUITests.debug.xcconfig */;
			buildSettings = {
				ALWAYS_EMBED_SWIFT_STANDARD_LIBRARIES = YES;
				CODE_SIGN_STYLE = Automatic;
				INFOPLIST_FILE = ProjetIOSUITests/Info.plist;
				LD_RUNPATH_SEARCH_PATHS = (
					"$(inherited)",
					"@executable_path/Frameworks",
					"@loader_path/Frameworks",
				);
				PRODUCT_BUNDLE_IDENTIFIER = com.flofiz.ProjetIOSUITests;
				PRODUCT_NAME = "$(TARGET_NAME)";
				SWIFT_VERSION = 5.0;
				TARGETED_DEVICE_FAMILY = "1,2";
				TEST_TARGET_NAME = ProjetIOS;
			};
			name = Debug;
		};
		DD3FC0C523AB7C5200A4027D /* Release */ = {
			isa = XCBuildConfiguration;
			baseConfigurationReference = 0923B9BCA2CCA9954704EC49 /* Pods-ProjetIOS-ProjetIOSUITests.release.xcconfig */;
			buildSettings = {
				ALWAYS_EMBED_SWIFT_STANDARD_LIBRARIES = YES;
				CODE_SIGN_STYLE = Automatic;
				INFOPLIST_FILE = ProjetIOSUITests/Info.plist;
				LD_RUNPATH_SEARCH_PATHS = (
					"$(inherited)",
					"@executable_path/Frameworks",
					"@loader_path/Frameworks",
				);
				PRODUCT_BUNDLE_IDENTIFIER = com.flofiz.ProjetIOSUITests;
				PRODUCT_NAME = "$(TARGET_NAME)";
				SWIFT_VERSION = 5.0;
				TARGETED_DEVICE_FAMILY = "1,2";
				TEST_TARGET_NAME = ProjetIOS;
			};
			name = Release;
		};
/* End XCBuildConfiguration section */

/* Begin XCConfigurationList section */
		DD3FC08E23AB7C5000A4027D /* Build configuration list for PBXProject "ProjetIOS" */ = {
			isa = XCConfigurationList;
			buildConfigurations = (
				DD3FC0BB23AB7C5200A4027D /* Debug */,
				DD3FC0BC23AB7C5200A4027D /* Release */,
			);
			defaultConfigurationIsVisible = 0;
			defaultConfigurationName = Release;
		};
		DD3FC0BD23AB7C5200A4027D /* Build configuration list for PBXNativeTarget "ProjetIOS" */ = {
			isa = XCConfigurationList;
			buildConfigurations = (
				DD3FC0BE23AB7C5200A4027D /* Debug */,
				DD3FC0BF23AB7C5200A4027D /* Release */,
			);
			defaultConfigurationIsVisible = 0;
			defaultConfigurationName = Release;
		};
		DD3FC0C023AB7C5200A4027D /* Build configuration list for PBXNativeTarget "ProjetIOSTests" */ = {
			isa = XCConfigurationList;
			buildConfigurations = (
				DD3FC0C123AB7C5200A4027D /* Debug */,
				DD3FC0C223AB7C5200A4027D /* Release */,
			);
			defaultConfigurationIsVisible = 0;
			defaultConfigurationName = Release;
		};
		DD3FC0C323AB7C5200A4027D /* Build configuration list for PBXNativeTarget "ProjetIOSUITests" */ = {
			isa = XCConfigurationList;
			buildConfigurations = (
				DD3FC0C423AB7C5200A4027D /* Debug */,
				DD3FC0C523AB7C5200A4027D /* Release */,
			);
			defaultConfigurationIsVisible = 0;
			defaultConfigurationName = Release;
		};
/* End XCConfigurationList section */
	};
	rootObject = DD3FC08B23AB7C5000A4027D /* Project object */;
}
